{
  "nodes": {
    "nixpkgs": {
      "locked": {
        "lastModified": 1743256265,
        "narHash": "sha256-1GJtabBAEwSkwKgSBe+osLCYwcRr5zx5H7ipuoVkO/4=",
        "owner": "nixos",
        "repo": "nixpkgs",
        "rev": "5dab1e63b3efccf767a54b0b978b41fe7410aff0",
        "type": "github"
      },
      "original": {
        "owner": "nixos",
        "ref": "nixos-unstable-small",
        "repo": "nixpkgs",
        "type": "github"
      }
    },
    "root": {
      "inputs": {
        "nixpkgs": "nixpkgs",
        "rust-overlay": "rust-overlay"
      }
    },
    "rust-overlay": {
      "inputs": {
        "nixpkgs": [
          "nixpkgs"
        ]
      },
      "locked": {
        "lastModified": 1743302122,
        "narHash": "sha256-VWyaUfBY49kjN29N140INa9LEW0YIgAr+OEJRdbKfnQ=",
        "owner": "oxalica",
        "repo": "rust-overlay",
        "rev": "15c2a7930e04efc87be3ebf1b5d06232e635e24b",
        "type": "github"
      },
      "original": {
        "owner": "oxalica",
        "repo": "rust-overlay",
        "type": "github"
      }
    }
  },
  "root": "root",
  "version": 7
}
